Microsoft Visual Studio Solution File, Format Version 12.00
# Visual Studio Version 17
VisualStudioVersion = 17.9.34728.123
MinimumVisualStudioVersion = 10.0.40219.1
Project("{8BC9CEB8-8B4A-11D0-8D11-00A0C91BC942}") = "Skelton_step1", "Sketlon_step1\Win\Skelton_step1.vcxproj", "{5A7CE2C4-715C-4812-9F6C-C62F03158084}"
EndProject
Project("{8BC9CEB8-8B4A-11D0-8D11-00A0C91BC942}") = "ShiftPer", "ShiftPer\Win\ShiftPer.vcxproj", "{65552F95-551D-492B-BEC5-73133A591B72}"
EndProject
Project("{8BC9CEB8-8B4A-11D0-8D11-00A0C91BC942}") = "Skelton", "Skelton\Win\Skelton.vcxproj", "{4F34A43D-CF5B-4672-84EF-BDC105F68A6E}"
EndProject
Project("{8BC9CEB8-8B4A-11D0-8D11-00A0C91BC942}") = "Skelton_step2", "Skelton_step2\Win\Skelton_step2.vcxproj", "{FD56B0F2-B2E8-4094-B932-0C3FAC514BFA}"
EndProject
Project("{8BC9CEB8-8B4A-11D0-8D11-00A0C91BC942}") = "ShiftPer_old", "ShiftPer_old\Win\ShiftPer_old.vcxproj", "{223DC482-370F-4671-B8D3-28DB6330EA3F}"
EndProject
Project("{8BC9CEB8-8B4A-11D0-8D11-00A0C91BC942}") = "Mult", "Mult\Win\Mult.vcxproj", "{0E51B777-FC10-4B8C-997C-01BA8B41384F}"
EndProject
Project("{8BC9CEB8-8B4A-11D0-8D11-00A0C91BC942}") = "ColorChange", "ColorChange\Win\ColorChange.vcxproj", "{547CBB70-F261-40AE-9978-C0F701C57B9F}"
EndProject
Project("{8BC9CEB8-8B4A-11D0-8D11-00A0C91BC942}") = "ColorSelect", "ColorSelect\Win\ColorSelect.vcxproj", "{5EADF838-2097-416C-AE1C-62515A7D383E}"
EndProject
Project("{8BC9CEB8-8B4A-11D0-8D11-00A0C91BC942}") = "NoiseHorizon", "NoiseHorizon\Win\NoiseHorizon.vcxproj", "{EDC92880-8F77-4F20-88BF-B53FF4FEC7DD}"
EndProject
Project("{8BC9CEB8-8B4A-11D0-8D11-00A0C91BC942}") = "SpatteringRect", "SpatteringRect\Win\SpatteringRect.vcxproj", "{39E5DB19-6EB4-4B6A-8586-7DA5948B41CA}"
EndProject
Project("{8BC9CEB8-8B4A-11D0-8D11-00A0C91BC942}") = "SpatteringPoint", "SpatteringPoint\Win\SpatteringPoint.vcxproj", "{3D28D90F-717D-4CD2-AD3F-A4F917B2FD63}"
EndProject
Project("{8BC9CEB8-8B4A-11D0-8D11-00A0C91BC942}") = "Targeter", "Targeter\Win\Targeter.vcxproj", "{1EAEA412-757C-448D-A9BD-51D744FB1FFE}"
EndProject
Global
	GlobalSection(SolutionConfigurationPlatforms) = preSolution
		Debug|x64 = Debug|x64
		Debug|x86 = Debug|x86
		Release|x64 = Release|x64
		Release|x86 = Release|x86
		Release-MT|x64 = Release-MT|x64
		Release-MT|x86 = Release-MT|x86
	EndGlobalSection
	GlobalSection(ProjectConfigurationPlatforms) = postSolution
		{5A7CE2C4-715C-4812-9F6C-C62F03158084}.Debug|x64.ActiveCfg = Debug|x64
		{5A7CE2C4-715C-4812-9F6C-C62F03158084}.Debug|x86.ActiveCfg = Debug|Win32
		{5A7CE2C4-715C-4812-9F6C-C62F03158084}.Debug|x86.Build.0 = Debug|Win32
		{5A7CE2C4-715C-4812-9F6C-C62F03158084}.Release|x64.ActiveCfg = Release|x64
		{5A7CE2C4-715C-4812-9F6C-C62F03158084}.Release|x86.ActiveCfg = Release|Win32
		{5A7CE2C4-715C-4812-9F6C-C62F03158084}.Release|x86.Build.0 = Release|Win32
		{5A7CE2C4-715C-4812-9F6C-C62F03158084}.Release-MT|x64.ActiveCfg = Release|x64
		{5A7CE2C4-715C-4812-9F6C-C62F03158084}.Release-MT|x64.Build.0 = Release|x64
		{5A7CE2C4-715C-4812-9F6C-C62F03158084}.Release-MT|x86.ActiveCfg = Release|Win32
		{5A7CE2C4-715C-4812-9F6C-C62F03158084}.Release-MT|x86.Build.0 = Release|Win32
		{65552F95-551D-492B-BEC5-73133A591B72}.Debug|x64.ActiveCfg = Debug|x64
		{65552F95-551D-492B-BEC5-73133A591B72}.Debug|x86.ActiveCfg = Debug|Win32
		{65552F95-551D-492B-BEC5-73133A591B72}.Debug|x86.Build.0 = Debug|Win32
		{65552F95-551D-492B-BEC5-73133A591B72}.Release|x64.ActiveCfg = Release|x64
		{65552F95-551D-492B-BEC5-73133A591B72}.Release|x86.ActiveCfg = Release|Win32
		{65552F95-551D-492B-BEC5-73133A591B72}.Release|x86.Build.0 = Release|Win32
		{65552F95-551D-492B-BEC5-73133A591B72}.Release-MT|x64.ActiveCfg = Release|x64
		{65552F95-551D-492B-BEC5-73133A591B72}.Release-MT|x64.Build.0 = Release|x64
		{65552F95-551D-492B-BEC5-73133A591B72}.Release-MT|x86.ActiveCfg = Release|Win32
		{65552F95-551D-492B-BEC5-73133A591B72}.Release-MT|x86.Build.0 = Release|Win32
		{4F34A43D-CF5B-4672-84EF-BDC105F68A6E}.Debug|x64.ActiveCfg = Debug|x64
		{4F34A43D-CF5B-4672-84EF-BDC105F68A6E}.Debug|x64.Build.0 = Debug|x64
		{4F34A43D-CF5B-4672-84EF-BDC105F68A6E}.Debug|x86.ActiveCfg = Debug|Win32
		{4F34A43D-CF5B-4672-84EF-BDC105F68A6E}.Debug|x86.Build.0 = Debug|Win32
		{4F34A43D-CF5B-4672-84EF-BDC105F68A6E}.Release|x64.ActiveCfg = Release|x64
		{4F34A43D-CF5B-4672-84EF-BDC105F68A6E}.Release|x64.Build.0 = Release|x64
		{4F34A43D-CF5B-4672-84EF-BDC105F68A6E}.Release|x86.ActiveCfg = Release|Win32
		{4F34A43D-CF5B-4672-84EF-BDC105F68A6E}.Release|x86.Build.0 = Release|Win32
		{4F34A43D-CF5B-4672-84EF-BDC105F68A6E}.Release-MT|x64.ActiveCfg = Release-MT|x64
		{4F34A43D-CF5B-4672-84EF-BDC105F68A6E}.Release-MT|x64.Build.0 = Release-MT|x64
		{4F34A43D-CF5B-4672-84EF-BDC105F68A6E}.Release-MT|x86.ActiveCfg = Release-MT|Win32
		{4F34A43D-CF5B-4672-84EF-BDC105F68A6E}.Release-MT|x86.Build.0 = Release-MT|Win32
		{FD56B0F2-B2E8-4094-B932-0C3FAC514BFA}.Debug|x64.ActiveCfg = Debug|x64
		{FD56B0F2-B2E8-4094-B932-0C3FAC514BFA}.Debug|x86.ActiveCfg = Debug|Win32
		{FD56B0F2-B2E8-4094-B932-0C3FAC514BFA}.Debug|x86.Build.0 = Debug|Win32
		{FD56B0F2-B2E8-4094-B932-0C3FAC514BFA}.Release|x64.ActiveCfg = Release|x64
		{FD56B0F2-B2E8-4094-B932-0C3FAC514BFA}.Release|x86.ActiveCfg = Release|Win32
		{FD56B0F2-B2E8-4094-B932-0C3FAC514BFA}.Release|x86.Build.0 = Release|Win32
		{FD56B0F2-B2E8-4094-B932-0C3FAC514BFA}.Release-MT|x64.ActiveCfg = Release-MT|x64
		{FD56B0F2-B2E8-4094-B932-0C3FAC514BFA}.Release-MT|x64.Build.0 = Release-MT|x64
		{FD56B0F2-B2E8-4094-B932-0C3FAC514BFA}.Release-MT|x86.ActiveCfg = Release-MT|Win32
		{FD56B0F2-B2E8-4094-B932-0C3FAC514BFA}.Release-MT|x86.Build.0 = Release-MT|Win32
		{223DC482-370F-4671-B8D3-28DB6330EA3F}.Debug|x64.ActiveCfg = Debug|x64
		{223DC482-370F-4671-B8D3-28DB6330EA3F}.Debug|x86.ActiveCfg = Debug|Win32
		{223DC482-370F-4671-B8D3-28DB6330EA3F}.Debug|x86.Build.0 = Debug|Win32
		{223DC482-370F-4671-B8D3-28DB6330EA3F}.Release|x64.ActiveCfg = Release|x64
		{223DC482-370F-4671-B8D3-28DB6330EA3F}.Release|x86.ActiveCfg = Release|Win32
		{223DC482-370F-4671-B8D3-28DB6330EA3F}.Release|x86.Build.0 = Release|Win32
		{223DC482-370F-4671-B8D3-28DB6330EA3F}.Release-MT|x64.ActiveCfg = Release|x64
		{223DC482-370F-4671-B8D3-28DB6330EA3F}.Release-MT|x64.Build.0 = Release|x64
		{223DC482-370F-4671-B8D3-28DB6330EA3F}.Release-MT|x86.ActiveCfg = Release|Win32
		{223DC482-370F-4671-B8D3-28DB6330EA3F}.Release-MT|x86.Build.0 = Release|Win32
		{0E51B777-FC10-4B8C-997C-01BA8B41384F}.Debug|x64.ActiveCfg = Debug|x64
		{0E51B777-FC10-4B8C-997C-01BA8B41384F}.Debug|x64.Build.0 = Debug|x64
		{0E51B777-FC10-4B8C-997C-01BA8B41384F}.Debug|x86.ActiveCfg = Debug|Win32
		{0E51B777-FC10-4B8C-997C-01BA8B41384F}.Debug|x86.Build.0 = Debug|Win32
		{0E51B777-FC10-4B8C-997C-01BA8B41384F}.Release|x64.ActiveCfg = Release|x64
		{0E51B777-FC10-4B8C-997C-01BA8B41384F}.Release|x64.Build.0 = Release|x64
		{0E51B777-FC10-4B8C-997C-01BA8B41384F}.Release|x86.ActiveCfg = Release|Win32
		{0E51B777-FC10-4B8C-997C-01BA8B41384F}.Release|x86.Build.0 = Release|Win32
		{0E51B777-FC10-4B8C-997C-01BA8B41384F}.Release-MT|x64.ActiveCfg = Release-MT|x64
		{0E51B777-FC10-4B8C-997C-01BA8B41384F}.Release-MT|x64.Build.0 = Release-MT|x64
		{0E51B777-FC10-4B8C-997C-01BA8B41384F}.Release-MT|x86.ActiveCfg = Release-MT|Win32
		{0E51B777-FC10-4B8C-997C-01BA8B41384F}.Release-MT|x86.Build.0 = Release-MT|Win32
		{547CBB70-F261-40AE-9978-C0F701C57B9F}.Debug|x64.ActiveCfg = Debug|x64
		{547CBB70-F261-40AE-9978-C0F701C57B9F}.Debug|x64.Build.0 = Debug|x64
		{547CBB70-F261-40AE-9978-C0F701C57B9F}.Debug|x86.ActiveCfg = Debug|Win32
		{547CBB70-F261-40AE-9978-C0F701C57B9F}.Debug|x86.Build.0 = Debug|Win32
		{547CBB70-F261-40AE-9978-C0F701C57B9F}.Release|x64.ActiveCfg = Release|x64
		{547CBB70-F261-40AE-9978-C0F701C57B9F}.Release|x64.Build.0 = Release|x64
		{547CBB70-F261-40AE-9978-C0F701C57B9F}.Release|x86.ActiveCfg = Release|Win32
		{547CBB70-F261-40AE-9978-C0F701C57B9F}.Release|x86.Build.0 = Release|Win32
		{547CBB70-F261-40AE-9978-C0F701C57B9F}.Release-MT|x64.ActiveCfg = Release-MT|x64
		{547CBB70-F261-40AE-9978-C0F701C57B9F}.Release-MT|x64.Build.0 = Release-MT|x64
		{547CBB70-F261-40AE-9978-C0F701C57B9F}.Release-MT|x86.ActiveCfg = Release-MT|Win32
		{547CBB70-F261-40AE-9978-C0F701C57B9F}.Release-MT|x86.Build.0 = Release-MT|Win32
		{5EADF838-2097-416C-AE1C-62515A7D383E}.Debug|x64.ActiveCfg = Debug|x64
		{5EADF838-2097-416C-AE1C-62515A7D383E}.Debug|x64.Build.0 = Debug|x64
		{5EADF838-2097-416C-AE1C-62515A7D383E}.Debug|x86.ActiveCfg = Debug|Win32
		{5EADF838-2097-416C-AE1C-62515A7D383E}.Debug|x86.Build.0 = Debug|Win32
		{5EADF838-2097-416C-AE1C-62515A7D383E}.Release|x64.ActiveCfg = Release|x64
		{5EADF838-2097-416C-AE1C-62515A7D383E}.Release|x64.Build.0 = Release|x64
		{5EADF838-2097-416C-AE1C-62515A7D383E}.Release|x86.ActiveCfg = Release|Win32
		{5EADF838-2097-416C-AE1C-62515A7D383E}.Release|x86.Build.0 = Release|Win32
		{5EADF838-2097-416C-AE1C-62515A7D383E}.Release-MT|x64.ActiveCfg = Release-MT|x64
		{5EADF838-2097-416C-AE1C-62515A7D383E}.Release-MT|x64.Build.0 = Release-MT|x64
		{5EADF838-2097-416C-AE1C-62515A7D383E}.Release-MT|x86.ActiveCfg = Release-MT|Win32
		{5EADF838-2097-416C-AE1C-62515A7D383E}.Release-MT|x86.Build.0 = Release-MT|Win32
		{EDC92880-8F77-4F20-88BF-B53FF4FEC7DD}.Debug|x64.ActiveCfg = Debug|x64
		{EDC92880-8F77-4F20-88BF-B53FF4FEC7DD}.Debug|x64.Build.0 = Debug|x64
		{EDC92880-8F77-4F20-88BF-B53FF4FEC7DD}.Debug|x86.ActiveCfg = Debug|Win32
		{EDC92880-8F77-4F20-88BF-B53FF4FEC7DD}.Debug|x86.Build.0 = Debug|Win32
		{EDC92880-8F77-4F20-88BF-B53FF4FEC7DD}.Release|x64.ActiveCfg = Release|x64
		{EDC92880-8F77-4F20-88BF-B53FF4FEC7DD}.Release|x64.Build.0 = Release|x64
		{EDC92880-8F77-4F20-88BF-B53FF4FEC7DD}.Release|x86.ActiveCfg = Release|Win32
		{EDC92880-8F77-4F20-88BF-B53FF4FEC7DD}.Release|x86.Build.0 = Release|Win32
		{EDC92880-8F77-4F20-88BF-B53FF4FEC7DD}.Release-MT|x64.ActiveCfg = Release-MT|x64
		{EDC92880-8F77-4F20-88BF-B53FF4FEC7DD}.Release-MT|x64.Build.0 = Release-MT|x64
		{EDC92880-8F77-4F20-88BF-B53FF4FEC7DD}.Release-MT|x86.ActiveCfg = Release-MT|Win32
		{EDC92880-8F77-4F20-88BF-B53FF4FEC7DD}.Release-MT|x86.Build.0 = Release-MT|Win32
		{39E5DB19-6EB4-4B6A-8586-7DA5948B41CA}.Debug|x64.ActiveCfg = Debug|x64
		{39E5DB19-6EB4-4B6A-8586-7DA5948B41CA}.Debug|x86.ActiveCfg = Debug|Win32
		{39E5DB19-6EB4-4B6A-8586-7DA5948B41CA}.Debug|x86.Build.0 = Debug|Win32
		{39E5DB19-6EB4-4B6A-8586-7DA5948B41CA}.Release|x64.ActiveCfg = Release|x64
		{39E5DB19-6EB4-4B6A-8586-7DA5948B41CA}.Release|x86.ActiveCfg = Release|Win32
		{39E5DB19-6EB4-4B6A-8586-7DA5948B41CA}.Release|x86.Build.0 = Release|Win32
		{39E5DB19-6EB4-4B6A-8586-7DA5948B41CA}.Release-MT|x64.ActiveCfg = Release-MT|x64
		{39E5DB19-6EB4-4B6A-8586-7DA5948B41CA}.Release-MT|x64.Build.0 = Release-MT|x64
		{39E5DB19-6EB4-4B6A-8586-7DA5948B41CA}.Release-MT|x86.ActiveCfg = Release-MT|Win32
		{39E5DB19-6EB4-4B6A-8586-7DA5948B41CA}.Release-MT|x86.Build.0 = Release-MT|Win32
		{3D28D90F-717D-4CD2-AD3F-A4F917B2FD63}.Debug|x64.ActiveCfg = Debug|x64
		{3D28D90F-717D-4CD2-AD3F-A4F917B2FD63}.Debug|x64.Build.0 = Debug|x64
		{3D28D90F-717D-4CD2-AD3F-A4F917B2FD63}.Debug|x86.ActiveCfg = Debug|Win32
		{3D28D90F-717D-4CD2-AD3F-A4F917B2FD63}.Debug|x86.Build.0 = Debug|Win32
		{3D28D90F-717D-4CD2-AD3F-A4F917B2FD63}.Release|x64.ActiveCfg = Release|x64
		{3D28D90F-717D-4CD2-AD3F-A4F917B2FD63}.Release|x64.Build.0 = Release|x64
		{3D28D90F-717D-4CD2-AD3F-A4F917B2FD63}.Release|x86.ActiveCfg = Release|Win32
		{3D28D90F-717D-4CD2-AD3F-A4F917B2FD63}.Release|x86.Build.0 = Release|Win32
		{3D28D90F-717D-4CD2-AD3F-A4F917B2FD63}.Release-MT|x64.ActiveCfg = Release-MT|x64
		{3D28D90F-717D-4CD2-AD3F-A4F917B2FD63}.Release-MT|x64.Build.0 = Release-MT|x64
		{3D28D90F-717D-4CD2-AD3F-A4F917B2FD63}.Release-MT|x86.ActiveCfg = Release-MT|Win32
		{3D28D90F-717D-4CD2-AD3F-A4F917B2FD63}.Release-MT|x86.Build.0 = Release-MT|Win32
		{1EAEA412-757C-448D-A9BD-51D744FB1FFE}.Debug|x64.ActiveCfg = Debug|x64
		{1EAEA412-757C-448D-A9BD-51D744FB1FFE}.Debug|x64.Build.0 = Debug|x64
		{1EAEA412-757C-448D-A9BD-51D744FB1FFE}.Debug|x86.ActiveCfg = Debug|Win32
		{1EAEA412-757C-448D-A9BD-51D744FB1FFE}.Debug|x86.Build.0 = Debug|Win32
		{1EAEA412-757C-448D-A9BD-51D744FB1FFE}.Release|x64.ActiveCfg = Release|x64
		{1EAEA412-757C-448D-A9BD-51D744FB1FFE}.Release|x64.Build.0 = Release|x64
		{1EAEA412-757C-448D-A9BD-51D744FB1FFE}.Release|x86.ActiveCfg = Release|Win32
		{1EAEA412-757C-448D-A9BD-51D744FB1FFE}.Release|x86.Build.0 = Release|Win32
		{1EAEA412-757C-448D-A9BD-51D744FB1FFE}.Release-MT|x64.ActiveCfg = Release-MT|x64
		{1EAEA412-757C-448D-A9BD-51D744FB1FFE}.Release-MT|x64.Build.0 = Release-MT|x64
		{1EAEA412-757C-448D-A9BD-51D744FB1FFE}.Release-MT|x86.ActiveCfg = Release-MT|Win32
		{1EAEA412-757C-448D-A9BD-51D744FB1FFE}.Release-MT|x86.Build.0 = Release-MT|Win32
	EndGlobalSection
	GlobalSection(SolutionProperties) = preSolution
		HideSolutionNode = FALSE
	EndGlobalSection
	GlobalSection(ExtensibilityGlobals) = postSolution
		SolutionGuid = {E0184FE4-893B-4D36-A856-4F9B74F4AE56}
	EndGlobalSection
EndGlobal
