Microsoft Visual Studio Solution File, Format Version 12.00
# Visual Studio Version 17
VisualStudioVersion = 17.9.34728.123
MinimumVisualStudioVersion = 10.0.40219.1
Project("{8BC9CEB8-8B4A-11D0-8D11-00A0C91BC942}") = "Skelton", "Sketlon\Win\Skelton.vcxproj", "{B379129A-C782-419D-8934-3661CE869ECF}"
EndProject
Project("{8BC9CEB8-8B4A-11D0-8D11-00A0C91BC942}") = "Skelton_step1", "Sketlon_step1\Win\Skelton_step1.vcxproj", "{5A7CE2C4-715C-4812-9F6C-C62F03158084}"
EndProject
Project("{8BC9CEB8-8B4A-11D0-8D11-00A0C91BC942}") = "ShiftPer", "ShiftPer\Win\ShiftPer.vcxproj", "{223DC482-370F-4671-B8D3-28DB6330EA3F}"
EndProject
Global
	GlobalSection(SolutionConfigurationPlatforms) = preSolution
		Debug|x64 = Debug|x64
		Release|x64 = Release|x64
	EndGlobalSection
	GlobalSection(ProjectConfigurationPlatforms) = postSolution
		{B379129A-C782-419D-8934-3661CE869ECF}.Debug|x64.ActiveCfg = Debug|x64
		{B379129A-C782-419D-8934-3661CE869ECF}.Debug|x64.Build.0 = Debug|x64
		{B379129A-C782-419D-8934-3661CE869ECF}.Release|x64.ActiveCfg = Release|x64
		{B379129A-C782-419D-8934-3661CE869ECF}.Release|x64.Build.0 = Release|x64
		{5A7CE2C4-715C-4812-9F6C-C62F03158084}.Debug|x64.ActiveCfg = Debug|x64
		{5A7CE2C4-715C-4812-9F6C-C62F03158084}.Release|x64.ActiveCfg = Release|x64
		{5A7CE2C4-715C-4812-9F6C-C62F03158084}.Release|x64.Build.0 = Release|x64
		{223DC482-370F-4671-B8D3-28DB6330EA3F}.Debug|x64.ActiveCfg = Debug|x64
		{223DC482-370F-4671-B8D3-28DB6330EA3F}.Debug|x64.Build.0 = Debug|x64
		{223DC482-370F-4671-B8D3-28DB6330EA3F}.Release|x64.ActiveCfg = Release|x64
		{223DC482-370F-4671-B8D3-28DB6330EA3F}.Release|x64.Build.0 = Release|x64
	EndGlobalSection
	GlobalSection(SolutionProperties) = preSolution
		HideSolutionNode = FALSE
	EndGlobalSection
	GlobalSection(ExtensibilityGlobals) = postSolution
		SolutionGuid = {E0184FE4-893B-4D36-A856-4F9B74F4AE56}
	EndGlobalSection
EndGlobal
